
Microsoft Visual Studio Solution File, Format Version 12.00
# Visual Studio Version 17
VisualStudioVersion = 17.10.35004.147
MinimumVisualStudioVersion = 10.0.40219.1
Project("{FAE04EC0-301F-11D3-BF4B-00C04F79EFBC}") = "Finance_Manager_WPF_Front", "Finance_Manager_WPF_Front\Finance_Manager_WPF_Front.csproj", "{FEAA9D1E-21FE-4453-9350-7A9456CA666B}"
EndProject
Project("{FAE04EC0-301F-11D3-BF4B-00C04F79EFBC}") = "Finance_Manager_WPF_Front_Tests", "Finance_Manager_WPF_Front_Tests\Finance_Manager_WPF_Front_Tests.csproj", "{15B29ABE-EABE-4EDC-AA9A-F0FE2FB7A053}"
EndProject
Global
	GlobalSection(SolutionConfigurationPlatforms) = preSolution
		Debug|Any CPU = Debug|Any CPU
		Release|Any CPU = Release|Any CPU
	EndGlobalSection
	GlobalSection(ProjectConfigurationPlatforms) = postSolution
		{FEAA9D1E-21FE-4453-9350-7A9456CA666B}.Debug|Any CPU.ActiveCfg = Debug|Any CPU
		{FEAA9D1E-21FE-4453-9350-7A9456CA666B}.Debug|Any CPU.Build.0 = Debug|Any CPU
		{FEAA9D1E-21FE-4453-9350-7A9456CA666B}.Release|Any CPU.ActiveCfg = Release|Any CPU
		{FEAA9D1E-21FE-4453-9350-7A9456CA666B}.Release|Any CPU.Build.0 = Release|Any CPU
		{15B29ABE-EABE-4EDC-AA9A-F0FE2FB7A053}.Debug|Any CPU.ActiveCfg = Debug|Any CPU
		{15B29ABE-EABE-4EDC-AA9A-F0FE2FB7A053}.Debug|Any CPU.Build.0 = Debug|Any CPU
		{15B29ABE-EABE-4EDC-AA9A-F0FE2FB7A053}.Release|Any CPU.ActiveCfg = Release|Any CPU
		{15B29ABE-EABE-4EDC-AA9A-F0FE2FB7A053}.Release|Any CPU.Build.0 = Release|Any CPU
	EndGlobalSection
	GlobalSection(SolutionProperties) = preSolution
		HideSolutionNode = FALSE
	EndGlobalSection
	GlobalSection(ExtensibilityGlobals) = postSolution
		SolutionGuid = {B9973313-1E54-4EBF-BD06-302D3D6EE538}
	EndGlobalSection
EndGlobal
