Microsoft Visual Studio Solution File, Format Version 12.00
# Visual Studio Version 17
VisualStudioVersion = 17.5.2.0
MinimumVisualStudioVersion = 10.0.40219.1
Project("{FAE04EC0-301F-11D3-BF4B-00C04F79EFBC}") = "Finance_Manager_WPF_Front", "Finance_Manager_WPF_Front.csproj", "{A0596FE2-04C1-1F43-679F-BF6F3836A40E}"
EndProject
Global
	GlobalSection(SolutionConfigurationPlatforms) = preSolution
		Debug|Any CPU = Debug|Any CPU
		Release|Any CPU = Release|Any CPU
	EndGlobalSection
	GlobalSection(ProjectConfigurationPlatforms) = postSolution
		{A0596FE2-04C1-1F43-679F-BF6F3836A40E}.Debug|Any CPU.ActiveCfg = Debug|Any CPU
		{A0596FE2-04C1-1F43-679F-BF6F3836A40E}.Debug|Any CPU.Build.0 = Debug|Any CPU
		{A0596FE2-04C1-1F43-679F-BF6F3836A40E}.Release|Any CPU.ActiveCfg = Release|Any CPU
		{A0596FE2-04C1-1F43-679F-BF6F3836A40E}.Release|Any CPU.Build.0 = Release|Any CPU
	EndGlobalSection
	GlobalSection(SolutionProperties) = preSolution
		HideSolutionNode = FALSE
	EndGlobalSection
	GlobalSection(ExtensibilityGlobals) = postSolution
		SolutionGuid = {B35B1071-20D9-4AC0-816A-C39205BC2630}
	EndGlobalSection
EndGlobal
